
Microsoft Visual Studio Solution File, Format Version 12.00
# Visual Studio Version 17
VisualStudioVersion = 17.12.35707.178
MinimumVisualStudioVersion = 10.0.40219.1
Project("{FAE04EC0-301F-11D3-BF4B-00C04F79EFBC}") = "Welcome", "Welcome\Welcome.csproj", "{41211CCF-76EB-4427-B6E7-118A7585769B}"
EndProject
Project("{FAE04EC0-301F-11D3-BF4B-00C04F79EFBC}") = "WelcomeExtended", "WelcomeExtended\WelcomeExtended.csproj", "{2E919F48-3D60-4B71-B85D-7504958628B5}"
EndProject
Project("{FAE04EC0-301F-11D3-BF4B-00C04F79EFBC}") = "DataLayer", "DataLayer\DataLayer.csproj", "{71BDC7A8-3EB2-4ABE-A3B0-A8B76D41A1E6}"
	ProjectSection(ProjectDependencies) = postProject
		{41211CCF-76EB-4427-B6E7-118A7585769B} = {41211CCF-76EB-4427-B6E7-118A7585769B}
	EndProjectSection
EndProject
Project("{FAE04EC0-301F-11D3-BF4B-00C04F79EFBC}") = "UI", "UI\UI.csproj", "{8F0F34BB-9B80-447B-83B0-73C716B1B4DA}"
EndProject
Project("{FAE04EC0-301F-11D3-BF4B-00C04F79EFBC}") = "WpfExample", "WpfExample\WpfExample.csproj", "{CE0BCD52-FAD0-4381-B8CB-C3BB4AFB19F6}"
EndProject
Project("{FAE04EC0-301F-11D3-BF4B-00C04F79EFBC}") = "EasyMVVM", "EasyMVVM\EasyMVVM.csproj", "{F785341A-AF05-4E26-BCB7-400BE2692359}"
EndProject
Global
	GlobalSection(SolutionConfigurationPlatforms) = preSolution
		Debug|Any CPU = Debug|Any CPU
		Release|Any CPU = Release|Any CPU
	EndGlobalSection
	GlobalSection(ProjectConfigurationPlatforms) = postSolution
		{41211CCF-76EB-4427-B6E7-118A7585769B}.Debug|Any CPU.ActiveCfg = Debug|Any CPU
		{41211CCF-76EB-4427-B6E7-118A7585769B}.Debug|Any CPU.Build.0 = Debug|Any CPU
		{41211CCF-76EB-4427-B6E7-118A7585769B}.Release|Any CPU.ActiveCfg = Release|Any CPU
		{41211CCF-76EB-4427-B6E7-118A7585769B}.Release|Any CPU.Build.0 = Release|Any CPU
		{2E919F48-3D60-4B71-B85D-7504958628B5}.Debug|Any CPU.ActiveCfg = Debug|Any CPU
		{2E919F48-3D60-4B71-B85D-7504958628B5}.Debug|Any CPU.Build.0 = Debug|Any CPU
		{2E919F48-3D60-4B71-B85D-7504958628B5}.Release|Any CPU.ActiveCfg = Release|Any CPU
		{2E919F48-3D60-4B71-B85D-7504958628B5}.Release|Any CPU.Build.0 = Release|Any CPU
		{71BDC7A8-3EB2-4ABE-A3B0-A8B76D41A1E6}.Debug|Any CPU.ActiveCfg = Debug|Any CPU
		{71BDC7A8-3EB2-4ABE-A3B0-A8B76D41A1E6}.Debug|Any CPU.Build.0 = Debug|Any CPU
		{71BDC7A8-3EB2-4ABE-A3B0-A8B76D41A1E6}.Release|Any CPU.ActiveCfg = Release|Any CPU
		{71BDC7A8-3EB2-4ABE-A3B0-A8B76D41A1E6}.Release|Any CPU.Build.0 = Release|Any CPU
		{8F0F34BB-9B80-447B-83B0-73C716B1B4DA}.Debug|Any CPU.ActiveCfg = Debug|Any CPU
		{8F0F34BB-9B80-447B-83B0-73C716B1B4DA}.Debug|Any CPU.Build.0 = Debug|Any CPU
		{8F0F34BB-9B80-447B-83B0-73C716B1B4DA}.Release|Any CPU.ActiveCfg = Release|Any CPU
		{8F0F34BB-9B80-447B-83B0-73C716B1B4DA}.Release|Any CPU.Build.0 = Release|Any CPU
		{CE0BCD52-FAD0-4381-B8CB-C3BB4AFB19F6}.Debug|Any CPU.ActiveCfg = Debug|Any CPU
		{CE0BCD52-FAD0-4381-B8CB-C3BB4AFB19F6}.Debug|Any CPU.Build.0 = Debug|Any CPU
		{CE0BCD52-FAD0-4381-B8CB-C3BB4AFB19F6}.Release|Any CPU.ActiveCfg = Release|Any CPU
		{CE0BCD52-FAD0-4381-B8CB-C3BB4AFB19F6}.Release|Any CPU.Build.0 = Release|Any CPU
		{F785341A-AF05-4E26-BCB7-400BE2692359}.Debug|Any CPU.ActiveCfg = Debug|Any CPU
		{F785341A-AF05-4E26-BCB7-400BE2692359}.Debug|Any CPU.Build.0 = Debug|Any CPU
		{F785341A-AF05-4E26-BCB7-400BE2692359}.Release|Any CPU.ActiveCfg = Release|Any CPU
		{F785341A-AF05-4E26-BCB7-400BE2692359}.Release|Any CPU.Build.0 = Release|Any CPU
	EndGlobalSection
	GlobalSection(SolutionProperties) = preSolution
		HideSolutionNode = FALSE
	EndGlobalSection
EndGlobal
